
Microsoft Visual Studio Solution File, Format Version 12.00
# Visual Studio Version 17
VisualStudioVersion = 17.0.31903.59
MinimumVisualStudioVersion = 10.0.40219.1
Project("{2150E333-8FDC-42A3-9474-1A3956D46DE8}") = "src", "src", "{827E0CD3-B72D-47B6-A68D-7590B98EB39B}"
EndProject
Project("{FAE04EC0-301F-11D3-BF4B-00C04F79EFBC}") = "ClipPlayer.Core", "src\ClipPlayer.Core\ClipPlayer.Core.csproj", "{2B375BC4-21C3-4BE1-952F-0020F8DFEB3D}"
EndProject
Project("{2150E333-8FDC-42A3-9474-1A3956D46DE8}") = "tests", "tests", "{0AB3BF05-4346-4AA6-1389-037BE0695223}"
EndProject
Project("{FAE04EC0-301F-11D3-BF4B-00C04F79EFBC}") = "ClipPlayer.Core.Tests", "tests\ClipPlayer.Core.Tests\ClipPlayer.Core.Tests.csproj", "{B15F5B29-631D-4DA3-80AA-04C796722816}"
EndProject
Project("{FAE04EC0-301F-11D3-BF4B-00C04F79EFBC}") = "ClipPlayer.Audio.Windows", "src\ClipPlayer.Audio.Windows\ClipPlayer.Audio.Windows.csproj", "{04F232F0-7CC8-4EE0-B947-D4AD25F3848C}"
EndProject
Project("{FAE04EC0-301F-11D3-BF4B-00C04F79EFBC}") = "ClipPlayer.App", "src\ClipPlayer.App\ClipPlayer.App.csproj", "{E7680E64-2D88-4E60-9361-E623CCF506C1}"
EndProject
Project("{FAE04EC0-301F-11D3-BF4B-00C04F79EFBC}") = "ClipPlayer.Audio.Windows.Tests", "tests\ClipPlayer.Audio.Windows.Tests\ClipPlayer.Audio.Windows.Tests.csproj", "{18053E90-84A4-4395-8BA0-77B973D01B31}"
EndProject
Project("{FAE04EC0-301F-11D3-BF4B-00C04F79EFBC}") = "ClipPlayer.App.Tests", "tests\ClipPlayer.App.Tests\ClipPlayer.App.Tests.csproj", "{A0BAD4C8-5657-4074-BF8B-DB2F57722F66}"
EndProject
Project("{2150E333-8FDC-42A3-9474-1A3956D46DE8}") = "packaging", "packaging", "{E927F87B-A585-A586-52B2-1371051E189F}"
EndProject
Project("{FAE04EC0-301F-11D3-BF4B-00C04F79EFBC}") = "ClipPlayer.Performance.Tests", "tests\ClipPlayer.Performance.Tests\ClipPlayer.Performance.Tests.csproj", "{7ED4F31E-9C6A-4673-A8FA-ACED831DC8A2}"
EndProject
Global
	GlobalSection(SolutionConfigurationPlatforms) = preSolution
		Debug|Any CPU = Debug|Any CPU
		Debug|x64 = Debug|x64
		Debug|x86 = Debug|x86
		Release|Any CPU = Release|Any CPU
		Release|x64 = Release|x64
		Release|x86 = Release|x86
	EndGlobalSection
	GlobalSection(ProjectConfigurationPlatforms) = postSolution
		{2B375BC4-21C3-4BE1-952F-0020F8DFEB3D}.Debug|Any CPU.ActiveCfg = Debug|Any CPU
		{2B375BC4-21C3-4BE1-952F-0020F8DFEB3D}.Debug|Any CPU.Build.0 = Debug|Any CPU
		{2B375BC4-21C3-4BE1-952F-0020F8DFEB3D}.Debug|x64.ActiveCfg = Debug|Any CPU
		{2B375BC4-21C3-4BE1-952F-0020F8DFEB3D}.Debug|x64.Build.0 = Debug|Any CPU
		{2B375BC4-21C3-4BE1-952F-0020F8DFEB3D}.Debug|x86.ActiveCfg = Debug|Any CPU
		{2B375BC4-21C3-4BE1-952F-0020F8DFEB3D}.Debug|x86.Build.0 = Debug|Any CPU
		{2B375BC4-21C3-4BE1-952F-0020F8DFEB3D}.Release|Any CPU.ActiveCfg = Release|Any CPU
		{2B375BC4-21C3-4BE1-952F-0020F8DFEB3D}.Release|Any CPU.Build.0 = Release|Any CPU
		{2B375BC4-21C3-4BE1-952F-0020F8DFEB3D}.Release|x64.ActiveCfg = Release|Any CPU
		{2B375BC4-21C3-4BE1-952F-0020F8DFEB3D}.Release|x64.Build.0 = Release|Any CPU
		{2B375BC4-21C3-4BE1-952F-0020F8DFEB3D}.Release|x86.ActiveCfg = Release|Any CPU
		{2B375BC4-21C3-4BE1-952F-0020F8DFEB3D}.Release|x86.Build.0 = Release|Any CPU
		{B15F5B29-631D-4DA3-80AA-04C796722816}.Debug|Any CPU.ActiveCfg = Debug|Any CPU
		{B15F5B29-631D-4DA3-80AA-04C796722816}.Debug|Any CPU.Build.0 = Debug|Any CPU
		{B15F5B29-631D-4DA3-80AA-04C796722816}.Debug|x64.ActiveCfg = Debug|Any CPU
		{B15F5B29-631D-4DA3-80AA-04C796722816}.Debug|x64.Build.0 = Debug|Any CPU
		{B15F5B29-631D-4DA3-80AA-04C796722816}.Debug|x86.ActiveCfg = Debug|Any CPU
		{B15F5B29-631D-4DA3-80AA-04C796722816}.Debug|x86.Build.0 = Debug|Any CPU
		{B15F5B29-631D-4DA3-80AA-04C796722816}.Release|Any CPU.ActiveCfg = Release|Any CPU
		{B15F5B29-631D-4DA3-80AA-04C796722816}.Release|Any CPU.Build.0 = Release|Any CPU
		{B15F5B29-631D-4DA3-80AA-04C796722816}.Release|x64.ActiveCfg = Release|Any CPU
		{B15F5B29-631D-4DA3-80AA-04C796722816}.Release|x64.Build.0 = Release|Any CPU
		{B15F5B29-631D-4DA3-80AA-04C796722816}.Release|x86.ActiveCfg = Release|Any CPU
		{B15F5B29-631D-4DA3-80AA-04C796722816}.Release|x86.Build.0 = Release|Any CPU
		{04F232F0-7CC8-4EE0-B947-D4AD25F3848C}.Debug|Any CPU.ActiveCfg = Debug|Any CPU
		{04F232F0-7CC8-4EE0-B947-D4AD25F3848C}.Debug|Any CPU.Build.0 = Debug|Any CPU
		{04F232F0-7CC8-4EE0-B947-D4AD25F3848C}.Debug|x64.ActiveCfg = Debug|Any CPU
		{04F232F0-7CC8-4EE0-B947-D4AD25F3848C}.Debug|x64.Build.0 = Debug|Any CPU
		{04F232F0-7CC8-4EE0-B947-D4AD25F3848C}.Debug|x86.ActiveCfg = Debug|Any CPU
		{04F232F0-7CC8-4EE0-B947-D4AD25F3848C}.Debug|x86.Build.0 = Debug|Any CPU
		{04F232F0-7CC8-4EE0-B947-D4AD25F3848C}.Release|Any CPU.ActiveCfg = Release|Any CPU
		{04F232F0-7CC8-4EE0-B947-D4AD25F3848C}.Release|Any CPU.Build.0 = Release|Any CPU
		{04F232F0-7CC8-4EE0-B947-D4AD25F3848C}.Release|x64.ActiveCfg = Release|Any CPU
		{04F232F0-7CC8-4EE0-B947-D4AD25F3848C}.Release|x64.Build.0 = Release|Any CPU
		{04F232F0-7CC8-4EE0-B947-D4AD25F3848C}.Release|x86.ActiveCfg = Release|Any CPU
		{04F232F0-7CC8-4EE0-B947-D4AD25F3848C}.Release|x86.Build.0 = Release|Any CPU
		{E7680E64-2D88-4E60-9361-E623CCF506C1}.Debug|Any CPU.ActiveCfg = Debug|Any CPU
		{E7680E64-2D88-4E60-9361-E623CCF506C1}.Debug|Any CPU.Build.0 = Debug|Any CPU
		{E7680E64-2D88-4E60-9361-E623CCF506C1}.Debug|x64.ActiveCfg = Debug|Any CPU
		{E7680E64-2D88-4E60-9361-E623CCF506C1}.Debug|x64.Build.0 = Debug|Any CPU
		{E7680E64-2D88-4E60-9361-E623CCF506C1}.Debug|x86.ActiveCfg = Debug|Any CPU
		{E7680E64-2D88-4E60-9361-E623CCF506C1}.Debug|x86.Build.0 = Debug|Any CPU
		{E7680E64-2D88-4E60-9361-E623CCF506C1}.Release|Any CPU.ActiveCfg = Release|Any CPU
		{E7680E64-2D88-4E60-9361-E623CCF506C1}.Release|Any CPU.Build.0 = Release|Any CPU
		{E7680E64-2D88-4E60-9361-E623CCF506C1}.Release|x64.ActiveCfg = Release|Any CPU
		{E7680E64-2D88-4E60-9361-E623CCF506C1}.Release|x64.Build.0 = Release|Any CPU
		{E7680E64-2D88-4E60-9361-E623CCF506C1}.Release|x86.ActiveCfg = Release|Any CPU
		{E7680E64-2D88-4E60-9361-E623CCF506C1}.Release|x86.Build.0 = Release|Any CPU
		{18053E90-84A4-4395-8BA0-77B973D01B31}.Debug|Any CPU.ActiveCfg = Debug|Any CPU
		{18053E90-84A4-4395-8BA0-77B973D01B31}.Debug|Any CPU.Build.0 = Debug|Any CPU
		{18053E90-84A4-4395-8BA0-77B973D01B31}.Debug|x64.ActiveCfg = Debug|Any CPU
		{18053E90-84A4-4395-8BA0-77B973D01B31}.Debug|x64.Build.0 = Debug|Any CPU
		{18053E90-84A4-4395-8BA0-77B973D01B31}.Debug|x86.ActiveCfg = Debug|Any CPU
		{18053E90-84A4-4395-8BA0-77B973D01B31}.Debug|x86.Build.0 = Debug|Any CPU
		{18053E90-84A4-4395-8BA0-77B973D01B31}.Release|Any CPU.ActiveCfg = Release|Any CPU
		{18053E90-84A4-4395-8BA0-77B973D01B31}.Release|Any CPU.Build.0 = Release|Any CPU
		{18053E90-84A4-4395-8BA0-77B973D01B31}.Release|x64.ActiveCfg = Release|Any CPU
		{18053E90-84A4-4395-8BA0-77B973D01B31}.Release|x64.Build.0 = Release|Any CPU
		{18053E90-84A4-4395-8BA0-77B973D01B31}.Release|x86.ActiveCfg = Release|Any CPU
		{18053E90-84A4-4395-8BA0-77B973D01B31}.Release|x86.Build.0 = Release|Any CPU
		{A0BAD4C8-5657-4074-BF8B-DB2F57722F66}.Debug|Any CPU.ActiveCfg = Debug|Any CPU
		{A0BAD4C8-5657-4074-BF8B-DB2F57722F66}.Debug|Any CPU.Build.0 = Debug|Any CPU
		{A0BAD4C8-5657-4074-BF8B-DB2F57722F66}.Debug|x64.ActiveCfg = Debug|Any CPU
		{A0BAD4C8-5657-4074-BF8B-DB2F57722F66}.Debug|x64.Build.0 = Debug|Any CPU
		{A0BAD4C8-5657-4074-BF8B-DB2F57722F66}.Debug|x86.ActiveCfg = Debug|Any CPU
		{A0BAD4C8-5657-4074-BF8B-DB2F57722F66}.Debug|x86.Build.0 = Debug|Any CPU
		{A0BAD4C8-5657-4074-BF8B-DB2F57722F66}.Release|Any CPU.ActiveCfg = Release|Any CPU
		{A0BAD4C8-5657-4074-BF8B-DB2F57722F66}.Release|Any CPU.Build.0 = Release|Any CPU
		{A0BAD4C8-5657-4074-BF8B-DB2F57722F66}.Release|x64.ActiveCfg = Release|Any CPU
		{A0BAD4C8-5657-4074-BF8B-DB2F57722F66}.Release|x64.Build.0 = Release|Any CPU
		{A0BAD4C8-5657-4074-BF8B-DB2F57722F66}.Release|x86.ActiveCfg = Release|Any CPU
		{A0BAD4C8-5657-4074-BF8B-DB2F57722F66}.Release|x86.Build.0 = Release|Any CPU
		{7ED4F31E-9C6A-4673-A8FA-ACED831DC8A2}.Debug|Any CPU.ActiveCfg = Debug|Any CPU
		{7ED4F31E-9C6A-4673-A8FA-ACED831DC8A2}.Debug|Any CPU.Build.0 = Debug|Any CPU
		{7ED4F31E-9C6A-4673-A8FA-ACED831DC8A2}.Debug|x64.ActiveCfg = Debug|Any CPU
		{7ED4F31E-9C6A-4673-A8FA-ACED831DC8A2}.Debug|x64.Build.0 = Debug|Any CPU
		{7ED4F31E-9C6A-4673-A8FA-ACED831DC8A2}.Debug|x86.ActiveCfg = Debug|Any CPU
		{7ED4F31E-9C6A-4673-A8FA-ACED831DC8A2}.Debug|x86.Build.0 = Debug|Any CPU
		{7ED4F31E-9C6A-4673-A8FA-ACED831DC8A2}.Release|Any CPU.ActiveCfg = Release|Any CPU
		{7ED4F31E-9C6A-4673-A8FA-ACED831DC8A2}.Release|Any CPU.Build.0 = Release|Any CPU
		{7ED4F31E-9C6A-4673-A8FA-ACED831DC8A2}.Release|x64.ActiveCfg = Release|Any CPU
		{7ED4F31E-9C6A-4673-A8FA-ACED831DC8A2}.Release|x64.Build.0 = Release|Any CPU
		{7ED4F31E-9C6A-4673-A8FA-ACED831DC8A2}.Release|x86.ActiveCfg = Release|Any CPU
		{7ED4F31E-9C6A-4673-A8FA-ACED831DC8A2}.Release|x86.Build.0 = Release|Any CPU
	EndGlobalSection
	GlobalSection(SolutionProperties) = preSolution
		HideSolutionNode = FALSE
	EndGlobalSection
	GlobalSection(NestedProjects) = preSolution
		{2B375BC4-21C3-4BE1-952F-0020F8DFEB3D} = {827E0CD3-B72D-47B6-A68D-7590B98EB39B}
		{B15F5B29-631D-4DA3-80AA-04C796722816} = {0AB3BF05-4346-4AA6-1389-037BE0695223}
		{04F232F0-7CC8-4EE0-B947-D4AD25F3848C} = {827E0CD3-B72D-47B6-A68D-7590B98EB39B}
		{E7680E64-2D88-4E60-9361-E623CCF506C1} = {827E0CD3-B72D-47B6-A68D-7590B98EB39B}
		{18053E90-84A4-4395-8BA0-77B973D01B31} = {0AB3BF05-4346-4AA6-1389-037BE0695223}
		{A0BAD4C8-5657-4074-BF8B-DB2F57722F66} = {0AB3BF05-4346-4AA6-1389-037BE0695223}
		{7ED4F31E-9C6A-4673-A8FA-ACED831DC8A2} = {0AB3BF05-4346-4AA6-1389-037BE0695223}
	EndGlobalSection
EndGlobal
